
Microsoft Visual Studio Solution File, Format Version 12.00
# Visual Studio 14
VisualStudioVersion = 14.0.25420.1
MinimumVisualStudioVersion = 10.0.40219.1
Project("{FAE04EC0-301F-11D3-BF4B-00C04F79EFBC}") = "Mazeppa", "Mazeppa\Mazeppa.csproj", "{4F82890B-A279-442E-879C-9CB336AE474E}"
EndProject
Project("{FAE04EC0-301F-11D3-BF4B-00C04F79EFBC}") = "DAL", "..\DAL\DAL.csproj", "{C75061C2-EEB9-4104-8E7B-6E877AB27DD5}"
EndProject
Global
	GlobalSection(SolutionConfigurationPlatforms) = preSolution
		Debug|Any CPU = Debug|Any CPU
		Release|Any CPU = Release|Any CPU
	EndGlobalSection
	GlobalSection(ProjectConfigurationPlatforms) = postSolution
		{4F82890B-A279-442E-879C-9CB336AE474E}.Debug|Any CPU.ActiveCfg = Debug|Any CPU
		{4F82890B-A279-442E-879C-9CB336AE474E}.Debug|Any CPU.Build.0 = Debug|Any CPU
		{4F82890B-A279-442E-879C-9CB336AE474E}.Release|Any CPU.ActiveCfg = Release|Any CPU
		{4F82890B-A279-442E-879C-9CB336AE474E}.Release|Any CPU.Build.0 = Release|Any CPU
		{C75061C2-EEB9-4104-8E7B-6E877AB27DD5}.Debug|Any CPU.ActiveCfg = Debug|Any CPU
		{C75061C2-EEB9-4104-8E7B-6E877AB27DD5}.Debug|Any CPU.Build.0 = Debug|Any CPU
		{C75061C2-EEB9-4104-8E7B-6E877AB27DD5}.Release|Any CPU.ActiveCfg = Release|Any CPU
		{C75061C2-EEB9-4104-8E7B-6E877AB27DD5}.Release|Any CPU.Build.0 = Release|Any CPU
	EndGlobalSection
	GlobalSection(SolutionProperties) = preSolution
		HideSolutionNode = FALSE
	EndGlobalSection
EndGlobal
